
Microsoft Visual Studio Solution File, Format Version 12.00
# Visual Studio Version 17
VisualStudioVersion = 17.3.32804.467
MinimumVisualStudioVersion = 10.0.40219.1
Project("{FAE04EC0-301F-11D3-BF4B-00C04F79EFBC}") = "Exam", "Exam.csproj", "{6BA59752-32FB-444E-98E7-EF6A556E58C5}"
EndProject
Global
	GlobalSection(SolutionConfigurationPlatforms) = preSolution
		Debug|Any CPU = Debug|Any CPU
		Release|Any CPU = Release|Any CPU
	EndGlobalSection
	GlobalSection(ProjectConfigurationPlatforms) = postSolution
		{6BA59752-32FB-444E-98E7-EF6A556E58C5}.Debug|Any CPU.ActiveCfg = Debug|Any CPU
		{6BA59752-32FB-444E-98E7-EF6A556E58C5}.Debug|Any CPU.Build.0 = Debug|Any CPU
		{6BA59752-32FB-444E-98E7-EF6A556E58C5}.Release|Any CPU.ActiveCfg = Release|Any CPU
		{6BA59752-32FB-444E-98E7-EF6A556E58C5}.Release|Any CPU.Build.0 = Release|Any CPU
	EndGlobalSection
	GlobalSection(SolutionProperties) = preSolution
		HideSolutionNode = FALSE
	EndGlobalSection
	GlobalSection(ExtensibilityGlobals) = postSolution
		SolutionGuid = {4DAEF897-7CD4-4618-A0B5-D754B1558644}
	EndGlobalSection
EndGlobal
